
Microsoft Visual Studio Solution File, Format Version 12.00
# Visual Studio 15
VisualStudioVersion = 15.0.28307.421
MinimumVisualStudioVersion = 10.0.40219.1
Project("{FAE04EC0-301F-11D3-BF4B-00C04F79EFBC}") = "Model", "Model\Model.csproj", "{E7CA902F-3B21-421E-A8BA-AD0AF38D7731}"
EndProject
Project("{FAE04EC0-301F-11D3-BF4B-00C04F79EFBC}") = "View", "View\View.csproj", "{91B1EF93-61B4-48A9-8876-DC40BEC5C374}"
EndProject
Project("{FAE04EC0-301F-11D3-BF4B-00C04F79EFBC}") = "Controller", "Controller\Controller.csproj", "{1C1A78AD-126E-4EED-9DDC-90C73A475E36}"
EndProject
Project("{FAE04EC0-301F-11D3-BF4B-00C04F79EFBC}") = "InfluenceForms", "InfluenceForms\InfluenceForms.csproj", "{90DE3855-5713-46B6-8B2C-A8689221933B}"
EndProject
Project("{FAE04EC0-301F-11D3-BF4B-00C04F79EFBC}") = "WinFormsView", "WinFormsView\WinFormsView.csproj", "{4210846F-ABA4-4599-9CBB-ADF03F26A87F}"
EndProject
Global
	GlobalSection(SolutionConfigurationPlatforms) = preSolution
		Debug|Any CPU = Debug|Any CPU
		Release|Any CPU = Release|Any CPU
	EndGlobalSection
	GlobalSection(ProjectConfigurationPlatforms) = postSolution
		{E7CA902F-3B21-421E-A8BA-AD0AF38D7731}.Debug|Any CPU.ActiveCfg = Debug|Any CPU
		{E7CA902F-3B21-421E-A8BA-AD0AF38D7731}.Debug|Any CPU.Build.0 = Debug|Any CPU
		{E7CA902F-3B21-421E-A8BA-AD0AF38D7731}.Release|Any CPU.ActiveCfg = Release|Any CPU
		{E7CA902F-3B21-421E-A8BA-AD0AF38D7731}.Release|Any CPU.Build.0 = Release|Any CPU
		{91B1EF93-61B4-48A9-8876-DC40BEC5C374}.Debug|Any CPU.ActiveCfg = Debug|Any CPU
		{91B1EF93-61B4-48A9-8876-DC40BEC5C374}.Debug|Any CPU.Build.0 = Debug|Any CPU
		{91B1EF93-61B4-48A9-8876-DC40BEC5C374}.Release|Any CPU.ActiveCfg = Release|Any CPU
		{91B1EF93-61B4-48A9-8876-DC40BEC5C374}.Release|Any CPU.Build.0 = Release|Any CPU
		{1C1A78AD-126E-4EED-9DDC-90C73A475E36}.Debug|Any CPU.ActiveCfg = Debug|Any CPU
		{1C1A78AD-126E-4EED-9DDC-90C73A475E36}.Debug|Any CPU.Build.0 = Debug|Any CPU
		{1C1A78AD-126E-4EED-9DDC-90C73A475E36}.Release|Any CPU.ActiveCfg = Release|Any CPU
		{1C1A78AD-126E-4EED-9DDC-90C73A475E36}.Release|Any CPU.Build.0 = Release|Any CPU
		{90DE3855-5713-46B6-8B2C-A8689221933B}.Debug|Any CPU.ActiveCfg = Debug|Any CPU
		{90DE3855-5713-46B6-8B2C-A8689221933B}.Debug|Any CPU.Build.0 = Debug|Any CPU
		{90DE3855-5713-46B6-8B2C-A8689221933B}.Release|Any CPU.ActiveCfg = Release|Any CPU
		{90DE3855-5713-46B6-8B2C-A8689221933B}.Release|Any CPU.Build.0 = Release|Any CPU
		{4210846F-ABA4-4599-9CBB-ADF03F26A87F}.Debug|Any CPU.ActiveCfg = Debug|Any CPU
		{4210846F-ABA4-4599-9CBB-ADF03F26A87F}.Debug|Any CPU.Build.0 = Debug|Any CPU
		{4210846F-ABA4-4599-9CBB-ADF03F26A87F}.Release|Any CPU.ActiveCfg = Release|Any CPU
		{4210846F-ABA4-4599-9CBB-ADF03F26A87F}.Release|Any CPU.Build.0 = Release|Any CPU
	EndGlobalSection
	GlobalSection(SolutionProperties) = preSolution
		HideSolutionNode = FALSE
	EndGlobalSection
	GlobalSection(ExtensibilityGlobals) = postSolution
		SolutionGuid = {28F84B74-BF01-4D9A-A638-685D4FCF2F2B}
	EndGlobalSection
EndGlobal
